
Microsoft Visual Studio Solution File, Format Version 12.00
# Visual Studio Version 17
VisualStudioVersion = 17.0.31912.275
MinimumVisualStudioVersion = 10.0.40219.1
Project("{9A19103F-16F7-4668-BE54-9A1E7A4F7556}") = "Unified", "src\Unified\Unified.csproj", "{45BE39E8-2398-4246-85A3-70CB0903E7C4}"
EndProject
Project("{2150E333-8FDC-42A3-9474-1A3956D46DE8}") = "Solution Items", "Solution Items", "{D04D0381-B125-4EE4-BC7F-C2147A7C7B86}"
	ProjectSection(SolutionItems) = preProject
		.editorconfig = .editorconfig
		.gitignore = .gitignore
		.github\workflows\build.yml = .github\workflows\build.yml
		code.ruleset = code.ruleset
		Directory.Build.props = Directory.Build.props
		LICENSE = LICENSE
		.github\workflows\publish.yml = .github\workflows\publish.yml
		README.md = README.md
	EndProjectSection
EndProject
Project("{9A19103F-16F7-4668-BE54-9A1E7A4F7556}") = "Unified.Tests", "test\Unified.Tests\Unified.Tests.csproj", "{8A179E7D-AB62-4E72-88E4-0EBA6A19AD08}"
EndProject
Project("{9A19103F-16F7-4668-BE54-9A1E7A4F7556}") = "Unified.Json", "src\Unified.Json\Unified.Json.csproj", "{4AB878C6-3CEC-47EE-9AED-F2D3A22199F2}"
EndProject
Global
	GlobalSection(SolutionConfigurationPlatforms) = preSolution
		Debug|Any CPU = Debug|Any CPU
		Release|Any CPU = Release|Any CPU
	EndGlobalSection
	GlobalSection(ProjectConfigurationPlatforms) = postSolution
		{45BE39E8-2398-4246-85A3-70CB0903E7C4}.Debug|Any CPU.ActiveCfg = Debug|Any CPU
		{45BE39E8-2398-4246-85A3-70CB0903E7C4}.Debug|Any CPU.Build.0 = Debug|Any CPU
		{45BE39E8-2398-4246-85A3-70CB0903E7C4}.Release|Any CPU.ActiveCfg = Release|Any CPU
		{45BE39E8-2398-4246-85A3-70CB0903E7C4}.Release|Any CPU.Build.0 = Release|Any CPU
		{8A179E7D-AB62-4E72-88E4-0EBA6A19AD08}.Debug|Any CPU.ActiveCfg = Debug|Any CPU
		{8A179E7D-AB62-4E72-88E4-0EBA6A19AD08}.Debug|Any CPU.Build.0 = Debug|Any CPU
		{8A179E7D-AB62-4E72-88E4-0EBA6A19AD08}.Release|Any CPU.ActiveCfg = Release|Any CPU
		{8A179E7D-AB62-4E72-88E4-0EBA6A19AD08}.Release|Any CPU.Build.0 = Release|Any CPU
		{4AB878C6-3CEC-47EE-9AED-F2D3A22199F2}.Debug|Any CPU.ActiveCfg = Debug|Any CPU
		{4AB878C6-3CEC-47EE-9AED-F2D3A22199F2}.Debug|Any CPU.Build.0 = Debug|Any CPU
		{4AB878C6-3CEC-47EE-9AED-F2D3A22199F2}.Release|Any CPU.ActiveCfg = Release|Any CPU
		{4AB878C6-3CEC-47EE-9AED-F2D3A22199F2}.Release|Any CPU.Build.0 = Release|Any CPU
	EndGlobalSection
	GlobalSection(SolutionProperties) = preSolution
		HideSolutionNode = FALSE
	EndGlobalSection
	GlobalSection(ExtensibilityGlobals) = postSolution
		SolutionGuid = {BCF410FF-AC3F-4E2C-A544-84A4D0750E26}
	EndGlobalSection
EndGlobal
